// !$*UTF8*$!
{
	archiveVersion = 1;
	classes = {
	};
	objectVersion = 50;
	objects = {

/* Begin PBXBuildFile section */
		C60B0D0F2406F9B600D09E9E /* AppDelegate.swift in Sources */ = {isa = PBXBuildFile; fileRef = C60B0D0E2406F9B600D09E9E /* AppDelegate.swift */; };
		C60B0D112406F9B600D09E9E /* SceneDelegate.swift in Sources */ = {isa = PBXBuildFile; fileRef = C60B0D102406F9B600D09E9E /* SceneDelegate.swift */; };
		C60B0D132406F9B600D09E9E /* ViewController.swift in Sources */ = {isa = PBXBuildFile; fileRef = C60B0D122406F9B600D09E9E /* ViewController.swift */; };
		C60B0D162406F9B600D09E9E /* Main.storyboard in Resources */ = {isa = PBXBuildFile; fileRef = C60B0D142406F9B600D09E9E /* Main.storyboard */; };
		C60B0D182406F9B700D09E9E /* Assets.xcassets in Resources */ = {isa = PBXBuildFile; fileRef = C60B0D172406F9B700D09E9E /* Assets.xcassets */; };
		C60B0D1B2406F9B700D09E9E /* LaunchScreen.storyboard in Resources */ = {isa = PBXBuildFile; fileRef = C60B0D192406F9B700D09E9E /* LaunchScreen.storyboard */; };
		C60B0D262406F9B700D09E9E /* MusicByLocationTests.swift in Sources */ = {isa = PBXBuildFile; fileRef = C60B0D252406F9B700D09E9E /* MusicByLocationTests.swift */; };
		C60B0D312406F9B700D09E9E /* MusicByLocationUITests.swift in Sources */ = {isa = PBXBuildFile; fileRef = C60B0D302406F9B700D09E9E /* MusicByLocationUITests.swift */; };
/* End PBXBuildFile section */

/* Begin PBXContainerItemProxy section */
		C60B0D222406F9B700D09E9E /* PBXContainerItemProxy */ = {
			isa = PBXContainerItemProxy;
			containerPortal = C60B0D032406F9B600D09E9E /* Project object */;
			proxyType = 1;
			remoteGlobalIDString = C60B0D0A2406F9B600D09E9E;
			remoteInfo = MusicByLocation;
		};
		C60B0D2D2406F9B700D09E9E /* PBXContainerItemProxy */ = {
			isa = PBXContainerItemProxy;
			containerPortal = C60B0D032406F9B600D09E9E /* Project object */;
			proxyType = 1;
			remoteGlobalIDString = C60B0D0A2406F9B600D09E9E;
			remoteInfo = MusicByLocation;
		};
/* End PBXContainerItemProxy section */

/* Begin PBXFileReference section */
		C60B0D0B2406F9B600D09E9E /* MusicByLocation.app */ = {isa = PBXFileReference; explicitFileType = wrapper.application; includeInIndex = 0; path = MusicByLocation.app; sourceTree = BUILT_PRODUCTS_DIR; };
		C60B0D0E2406F9B600D09E9E /* AppDelegate.swift */ = {isa = PBXFileReference; lastKnownFileType = sourcecode.swift; path = AppDelegate.swift; sourceTree = "<group>"; };
		C60B0D102406F9B600D09E9E /* SceneDelegate.swift */ = {isa = PBXFileReference; lastKnownFileType = sourcecode.swift; path = SceneDelegate.swift; sourceTree = "<group>"; };
		C60B0D122406F9B600D09E9E /* ViewController.swift */ = {isa = PBXFileReference; lastKnownFileType = sourcecode.swift; path = ViewController.swift; sourceTree = "<group>"; };
		C60B0D152406F9B600D09E9E /* Base */ = {isa = PBXFileReference; lastKnownFileType = file.storyboard; name = Base; path = Base.lproj/Main.storyboard; sourceTree = "<group>"; };
		C60B0D172406F9B700D09E9E /* Assets.xcassets */ = {isa = PBXFileReference; lastKnownFileType = folder.assetcatalog; path = Assets.xcassets; sourceTree = "<group>"; };
		C60B0D1A2406F9B700D09E9E /* Base */ = {isa = PBXFileReference; lastKnownFileType = file.storyboard; name = Base; path = Base.lproj/LaunchScreen.storyboard; sourceTree = "<group>"; };
		C60B0D1C2406F9B700D09E9E /* Info.plist */ = {isa = PBXFileReference; lastKnownFileType = text.plist.xml; path = Info.plist; sourceTree = "<group>"; };
		C60B0D212406F9B700D09E9E /* MusicByLocationTests.xctest */ = {isa = PBXFileReference; explicitFileType = wrapper.cfbundle; includeInIndex = 0; path = MusicByLocationTests.xctest; sourceTree = BUILT_PRODUCTS_DIR; };
		C60B0D252406F9B700D09E9E /* MusicByLocationTests.swift */ = {isa = PBXFileReference; lastKnownFileType = sourcecode.swift; path = MusicByLocationTests.swift; sourceTree = "<group>"; };
		C60B0D272406F9B700D09E9E /* Info.plist */ = {isa = PBXFileReference; lastKnownFileType = text.plist.xml; path = Info.plist; sourceTree = "<group>"; };
		C60B0D2C2406F9B700D09E9E /* MusicByLocationUITests.xctest */ = {isa = PBXFileReference; explicitFileType = wrapper.cfbundle; includeInIndex = 0; path = MusicByLocationUITests.xctest; sourceTree = BUILT_PRODUCTS_DIR; };
		C60B0D302406F9B700D09E9E /* MusicByLocationUITests.swift */ = {isa = PBXFileReference; lastKnownFileType = sourcecode.swift; path = MusicByLocationUITests.swift; sourceTree = "<group>"; };
		C60B0D322406F9B700D09E9E /* Info.plist */ = {isa = PBXFileReference; lastKnownFileType = text.plist.xml; path = Info.plist; sourceTree = "<group>"; };
/* End PBXFileReference section */

/* Begin PBXFrameworksBuildPhase section */
		C60B0D082406F9B600D09E9E /* Frameworks */ = {
			isa = PBXFrameworksBuildPhase;
			buildActionMask = 2147483647;
			files = (
			);
			runOnlyForDeploymentPostprocessing = 0;
		};
		C60B0D1E2406F9B700D09E9E /* Frameworks */ = {
			isa = PBXFrameworksBuildPhase;
			buildActionMask = 2147483647;
			files = (
			);
			runOnlyForDeploymentPostprocessing = 0;
		};
		C60B0D292406F9B700D09E9E /* Frameworks */ = {
			isa = PBXFrameworksBuildPhase;
			buildActionMask = 2147483647;
			files = (
			);
			runOnlyForDeploymentPostprocessing = 0;
		};
/* End PBXFrameworksBuildPhase section */

/* Begin PBXGroup section */
		C60B0D022406F9B600D09E9E = {
			isa = PBXGroup;
			children = (
				C60B0D0D2406F9B600D09E9E /* MusicByLocation */,
				C60B0D242406F9B700D09E9E /* MusicByLocationTests */,
				C60B0D2F2406F9B700D09E9E /* MusicByLocationUITests */,
				C60B0D0C2406F9B600D09E9E /* Products */,
			);
			sourceTree = "<group>";
		};
		C60B0D0C2406F9B600D09E9E /* Products */ = {
			isa = PBXGroup;
			children = (
				C60B0D0B2406F9B600D09E9E /* MusicByLocation.app */,
				C60B0D212406F9B700D09E9E /* MusicByLocationTests.xctest */,
				C60B0D2C2406F9B700D09E9E /* MusicByLocationUITests.xctest */,
			);
			name = Products;
			sourceTree = "<group>";
		};
		C60B0D0D2406F9B600D09E9E /* MusicByLocation */ = {
			isa = PBXGroup;
			children = (
				C60B0D0E2406F9B600D09E9E /* AppDelegate.swift */,
				C60B0D102406F9B600D09E9E /* SceneDelegate.swift */,
				C60B0D122406F9B600D09E9E /* ViewController.swift */,
				C60B0D142406F9B600D09E9E /* Main.storyboard */,
				C60B0D172406F9B700D09E9E /* Assets.xcassets */,
				C60B0D192406F9B700D09E9E /* LaunchScreen.storyboard */,
				C60B0D1C2406F9B700D09E9E /* Info.plist */,
			);
			path = MusicByLocation;
			sourceTree = "<group>";
		};
		C60B0D242406F9B700D09E9E /* MusicByLocationTests */ = {
			isa = PBXGroup;
			children = (
				C60B0D252406F9B700D09E9E /* MusicByLocationTests.swift */,
				C60B0D272406F9B700D09E9E /* Info.plist */,
			);
			path = MusicByLocationTests;
			sourceTree = "<group>";
		};
		C60B0D2F2406F9B700D09E9E /* MusicByLocationUITests */ = {
			isa = PBXGroup;
			children = (
				C60B0D302406F9B700D09E9E /* MusicByLocationUITests.swift */,
				C60B0D322406F9B700D09E9E /* Info.plist */,
			);
			path = MusicByLocationUITests;
			sourceTree = "<group>";
		};
/* End PBXGroup section */

/* Begin PBXNativeTarget section */
		C60B0D0A2406F9B600D09E9E /* MusicByLocation */ = {
			isa = PBXNativeTarget;
			buildConfigurationList = C60B0D352406F9B700D09E9E /* Build configuration list for PBXNativeTarget "MusicByLocation" */;
			buildPhases = (
				C60B0D072406F9B600D09E9E /* Sources */,
				C60B0D082406F9B600D09E9E /* Frameworks */,
				C60B0D092406F9B600D09E9E /* Resources */,
			);
			buildRules = (
			);
			dependencies = (
			);
			name = MusicByLocation;
			productName = MusicByLocation;
			productReference = C60B0D0B2406F9B600D09E9E /* MusicByLocation.app */;
			productType = "com.apple.product-type.application";
		};
		C60B0D202406F9B700D09E9E /* MusicByLocationTests */ = {
			isa = PBXNativeTarget;
			buildConfigurationList = C60B0D382406F9B700D09E9E /* Build configuration list for PBXNativeTarget "MusicByLocationTests" */;
			buildPhases = (
				C60B0D1D2406F9B700D09E9E /* Sources */,
				C60B0D1E2406F9B700D09E9E /* Frameworks */,
				C60B0D1F2406F9B700D09E9E /* Resources */,
			);
			buildRules = (
			);
			dependencies = (
				C60B0D232406F9B700D09E9E /* PBXTargetDependency */,
			);
			name = MusicByLocationTests;
			productName = MusicByLocationTests;
			productReference = C60B0D212406F9B700D09E9E /* MusicByLocationTests.xctest */;
			productType = "com.apple.product-type.bundle.unit-test";
		};
		C60B0D2B2406F9B700D09E9E /* MusicByLocationUITests */ = {
			isa = PBXNativeTarget;
			buildConfigurationList = C60B0D3B2406F9B700D09E9E /* Build configuration list for PBXNativeTarget "MusicByLocationUITests" */;
			buildPhases = (
				C60B0D282406F9B700D09E9E /* Sources */,
				C60B0D292406F9B700D09E9E /* Frameworks */,
				C60B0D2A2406F9B700D09E9E /* Resources */,
			);
			buildRules = (
			);
			dependencies = (
				C60B0D2E2406F9B700D09E9E /* PBXTargetDependency */,
			);
			name = MusicByLocationUITests;
			productName = MusicByLocationUITests;
			productReference = C60B0D2C2406F9B700D09E9E /* MusicByLocationUITests.xctest */;
			productType = "com.apple.product-type.bundle.ui-testing";
		};
/* End PBXNativeTarget section */

/* Begin PBXProject section */
		C60B0D032406F9B600D09E9E /* Project object */ = {
			isa = PBXProject;
			attributes = {
				LastSwiftUpdateCheck = 1130;
				LastUpgradeCheck = 1130;
				ORGANIZATIONNAME = "Rastogi, Aryan (WING)";
				TargetAttributes = {
					C60B0D0A2406F9B600D09E9E = {
						CreatedOnToolsVersion = 11.3;
					};
					C60B0D202406F9B700D09E9E = {
						CreatedOnToolsVersion = 11.3;
						TestTargetID = C60B0D0A2406F9B600D09E9E;
					};
					C60B0D2B2406F9B700D09E9E = {
						CreatedOnToolsVersion = 11.3;
						TestTargetID = C60B0D0A2406F9B600D09E9E;
					};
				};
			};
			buildConfigurationList = C60B0D062406F9B600D09E9E /* Build configuration list for PBXProject "MusicByLocation" */;
			compatibilityVersion = "Xcode 9.3";
			developmentRegion = en;
			hasScannedForEncodings = 0;
			knownRegions = (
				en,
				Base,
			);
			mainGroup = C60B0D022406F9B600D09E9E;
			productRefGroup = C60B0D0C2406F9B600D09E9E /* Products */;
			projectDirPath = "";
			projectRoot = "";
			targets = (
				C60B0D0A2406F9B600D09E9E /* MusicByLocation */,
				C60B0D202406F9B700D09E9E /* MusicByLocationTests */,
				C60B0D2B2406F9B700D09E9E /* MusicByLocationUITests */,
			);
		};
/* End PBXProject section */

/* Begin PBXResourcesBuildPhase section */
		C60B0D092406F9B600D09E9E /* Resources */ = {
			isa = PBXResourcesBuildPhase;
			buildActionMask = 2147483647;
			files = (
				C60B0D1B2406F9B700D09E9E /* LaunchScreen.storyboard in Resources */,
				C60B0D182406F9B700D09E9E /* Assets.xcassets in Resources */,
				C60B0D162406F9B600D09E9E /* Main.storyboard in Resources */,
			);
			runOnlyForDeploymentPostprocessing = 0;
		};
		C60B0D1F2406F9B700D09E9E /* Resources */ = {
			isa = PBXResourcesBuildPhase;
			buildActionMask = 2147483647;
			files = (
			);
			runOnlyForDeploymentPostprocessing = 0;
		};
		C60B0D2A2406F9B700D09E9E /* Resources */ = {
			isa = PBXResourcesBuildPhase;
			buildActionMask = 2147483647;
			files = (
			);
			runOnlyForDeploymentPostprocessing = 0;
		};
/* End PBXResourcesBuildPhase section */

/* Begin PBXSourcesBuildPhase section */
		C60B0D072406F9B600D09E9E /* Sources */ = {
			isa = PBXSourcesBuildPhase;
			buildActionMask = 2147483647;
			files = (
				C60B0D132406F9B600D09E9E /* ViewController.swift in Sources */,
				C60B0D0F2406F9B600D09E9E /* AppDelegate.swift in Sources */,
				C60B0D112406F9B600D09E9E /* SceneDelegate.swift in Sources */,
			);
			runOnlyForDeploymentPostprocessing = 0;
		};
		C60B0D1D2406F9B700D09E9E /* Sources */ = {
			isa = PBXSourcesBuildPhase;
			buildActionMask = 2147483647;
			files = (
				C60B0D262406F9B700D09E9E /* MusicByLocationTests.swift in Sources */,
			);
			runOnlyForDeploymentPostprocessing = 0;
		};
		C60B0D282406F9B700D09E9E /* Sources */ = {
			isa = PBXSourcesBuildPhase;
			buildActionMask = 2147483647;
			files = (
				C60B0D312406F9B700D09E9E /* MusicByLocationUITests.swift in Sources */,
			);
			runOnlyForDeploymentPostprocessing = 0;
		};
/* End PBXSourcesBuildPhase section */

/* Begin PBXTargetDependency section */
		C60B0D232406F9B700D09E9E /* PBXTargetDependency */ = {
			isa = PBXTargetDependency;
			target = C60B0D0A2406F9B600D09E9E /* MusicByLocation */;
			targetProxy = C60B0D222406F9B700D09E9E /* PBXContainerItemProxy */;
		};
		C60B0D2E2406F9B700D09E9E /* PBXTargetDependency */ = {
			isa = PBXTargetDependency;
			target = C60B0D0A2406F9B600D09E9E /* MusicByLocation */;
			targetProxy = C60B0D2D2406F9B700D09E9E /* PBXContainerItemProxy */;
		};
/* End PBXTargetDependency section */

/* Begin PBXVariantGroup section */
		C60B0D142406F9B600D09E9E /* Main.storyboard */ = {
			isa = PBXVariantGroup;
			children = (
				C60B0D152406F9B600D09E9E /* Base */,
			);
			name = Main.storyboard;
			sourceTree = "<group>";
		};
		C60B0D192406F9B700D09E9E /* LaunchScreen.storyboard */ = {
			isa = PBXVariantGroup;
			children = (
				C60B0D1A2406F9B700D09E9E /* Base */,
			);
			name = LaunchScreen.storyboard;
			sourceTree = "<group>";
		};
/* End PBXVariantGroup section */

/* Begin XCBuildConfiguration section */
		C60B0D332406F9B700D09E9E /* Debug */ = {
			isa = XCBuildConfiguration;
			buildSettings = {
				ALWAYS_SEARCH_USER_PATHS = NO;
				CLANG_ANALYZER_NONNULL = YES;
				CLANG_ANALYZER_NUMBER_OBJECT_CONVERSION = YES_AGGRESSIVE;
				CLANG_CXX_LANGUAGE_STANDARD = "gnu++14";
				CLANG_CXX_LIBRARY = "libc++";
				CLANG_ENABLE_MODULES = YES;
				CLANG_ENABLE_OBJC_ARC = YES;
				CLANG_ENABLE_OBJC_WEAK = YES;
				CLANG_WARN_BLOCK_CAPTURE_AUTORELEASING = YES;
				CLANG_WARN_BOOL_CONVERSION = YES;
				CLANG_WARN_COMMA = YES;
				CLANG_WARN_CONSTANT_CONVERSION = YES;
				CLANG_WARN_DEPRECATED_OBJC_IMPLEMENTATIONS = YES;
				CLANG_WARN_DIRECT_OBJC_ISA_USAGE = YES_ERROR;
				CLANG_WARN_DOCUMENTATION_COMMENTS = YES;
				CLANG_WARN_EMPTY_BODY = YES;
				CLANG_WARN_ENUM_CONVERSION = YES;
				CLANG_WARN_INFINITE_RECURSION = YES;
				CLANG_WARN_INT_CONVERSION = YES;
				CLANG_WARN_NON_LITERAL_NULL_CONVERSION = YES;
				CLANG_WARN_OBJC_IMPLICIT_RETAIN_SELF = YES;
				CLANG_WARN_OBJC_LITERAL_CONVERSION = YES;
				CLANG_WARN_OBJC_ROOT_CLASS = YES_ERROR;
				CLANG_WARN_RANGE_LOOP_ANALYSIS = YES;
				CLANG_WARN_STRICT_PROTOTYPES = YES;
				CLANG_WARN_SUSPICIOUS_MOVE = YES;
				CLANG_WARN_UNGUARDED_AVAILABILITY = YES_AGGRESSIVE;
				CLANG_WARN_UNREACHABLE_CODE = YES;
				CLANG_WARN__DUPLICATE_METHOD_MATCH = YES;
				COPY_PHASE_STRIP = NO;
				DEBUG_INFORMATION_FORMAT = dwarf;
				ENABLE_STRICT_OBJC_MSGSEND = YES;
				ENABLE_TESTABILITY = YES;
				GCC_C_LANGUAGE_STANDARD = gnu11;
				GCC_DYNAMIC_NO_PIC = NO;
				GCC_NO_COMMON_BLOCKS = YES;
				GCC_OPTIMIZATION_LEVEL = 0;
				GCC_PREPROCESSOR_DEFINITIONS = (
					"DEBUG=1",
					"$(inherited)",
				);
				GCC_WARN_64_TO_32_BIT_CONVERSION = YES;
				GCC_WARN_ABOUT_RETURN_TYPE = YES_ERROR;
				GCC_WARN_UNDECLARED_SELECTOR = YES;
				GCC_WARN_UNINITIALIZED_AUTOS = YES_AGGRESSIVE;
				GCC_WARN_UNUSED_FUNCTION = YES;
				GCC_WARN_UNUSED_VARIABLE = YES;
				IPHONEOS_DEPLOYMENT_TARGET = 13.2;
				MTL_ENABLE_DEBUG_INFO = INCLUDE_SOURCE;
				MTL_FAST_MATH = YES;
				ONLY_ACTIVE_ARCH = YES;
				SDKROOT = iphoneos;
				SWIFT_ACTIVE_COMPILATION_CONDITIONS = DEBUG;
				SWIFT_OPTIMIZATION_LEVEL = "-Onone";
			};
			name = Debug;
		};
		C60B0D342406F9B700D09E9E /* Release */ = {
			isa = XCBuildConfiguration;
			buildSettings = {
				ALWAYS_SEARCH_USER_PATHS = NO;
				CLANG_ANALYZER_NONNULL = YES;
				CLANG_ANALYZER_NUMBER_OBJECT_CONVERSION = YES_AGGRESSIVE;
				CLANG_CXX_LANGUAGE_STANDARD = "gnu++14";
				CLANG_CXX_LIBRARY = "libc++";
				CLANG_ENABLE_MODULES = YES;
				CLANG_ENABLE_OBJC_ARC = YES;
				CLANG_ENABLE_OBJC_WEAK = YES;
				CLANG_WARN_BLOCK_CAPTURE_AUTORELEASING = YES;
				CLANG_WARN_BOOL_CONVERSION = YES;
				CLANG_WARN_COMMA = YES;
				CLANG_WARN_CONSTANT_CONVERSION = YES;
				CLANG_WARN_DEPRECATED_OBJC_IMPLEMENTATIONS = YES;
				CLANG_WARN_DIRECT_OBJC_ISA_USAGE = YES_ERROR;
				CLANG_WARN_DOCUMENTATION_COMMENTS = YES;
				CLANG_WARN_EMPTY_BODY = YES;
				CLANG_WARN_ENUM_CONVERSION = YES;
				CLANG_WARN_INFINITE_RECURSION = YES;
				CLANG_WARN_INT_CONVERSION = YES;
				CLANG_WARN_NON_LITERAL_NULL_CONVERSION = YES;
				CLANG_WARN_OBJC_IMPLICIT_RETAIN_SELF = YES;
				CLANG_WARN_OBJC_LITERAL_CONVERSION = YES;
				CLANG_WARN_OBJC_ROOT_CLASS = YES_ERROR;
				CLANG_WARN_RANGE_LOOP_ANALYSIS = YES;
				CLANG_WARN_STRICT_PROTOTYPES = YES;
				CLANG_WARN_SUSPICIOUS_MOVE = YES;
				CLANG_WARN_UNGUARDED_AVAILABILITY = YES_AGGRESSIVE;
				CLANG_WARN_UNREACHABLE_CODE = YES;
				CLANG_WARN__DUPLICATE_METHOD_MATCH = YES;
				COPY_PHASE_STRIP = NO;
				DEBUG_INFORMATION_FORMAT = "dwarf-with-dsym";
				ENABLE_NS_ASSERTIONS = NO;
				ENABLE_STRICT_OBJC_MSGSEND = YES;
				GCC_C_LANGUAGE_STANDARD = gnu11;
				GCC_NO_COMMON_BLOCKS = YES;
				GCC_WARN_64_TO_32_BIT_CONVERSION = YES;
				GCC_WARN_ABOUT_RETURN_TYPE = YES_ERROR;
				GCC_WARN_UNDECLARED_SELECTOR = YES;
				GCC_WARN_UNINITIALIZED_AUTOS = YES_AGGRESSIVE;
				GCC_WARN_UNUSED_FUNCTION = YES;
				GCC_WARN_UNUSED_VARIABLE = YES;
				IPHONEOS_DEPLOYMENT_TARGET = 13.2;
				MTL_ENABLE_DEBUG_INFO = NO;
				MTL_FAST_MATH = YES;
				SDKROOT = iphoneos;
				SWIFT_COMPILATION_MODE = wholemodule;
				SWIFT_OPTIMIZATION_LEVEL = "-O";
				VALIDATE_PRODUCT = YES;
			};
			name = Release;
		};
		C60B0D362406F9B700D09E9E /* Debug */ = {
			isa = XCBuildConfiguration;
			buildSettings = {
				ASSETCATALOG_COMPILER_APPICON_NAME = AppIcon;
				CODE_SIGN_STYLE = Automatic;
				INFOPLIST_FILE = MusicByLocation/Info.plist;
				LD_RUNPATH_SEARCH_PATHS = (
					"$(inherited)",
					"@executable_path/Frameworks",
				);
				PRODUCT_BUNDLE_IDENTIFIER = com.AryanRast.MusicByLocation;
				PRODUCT_NAME = "$(TARGET_NAME)";
				SWIFT_VERSION = 5.0;
				TARGETED_DEVICE_FAMILY = "1,2";
			};
			name = Debug;
		};
		C60B0D372406F9B700D09E9E /* Release */ = {
			isa = XCBuildConfiguration;
			buildSettings = {
				ASSETCATALOG_COMPILER_APPICON_NAME = AppIcon;
				CODE_SIGN_STYLE = Automatic;
				INFOPLIST_FILE = MusicByLocation/Info.plist;
				LD_RUNPATH_SEARCH_PATHS = (
					"$(inherited)",
					"@executable_path/Frameworks",
				);
				PRODUCT_BUNDLE_IDENTIFIER = com.AryanRast.MusicByLocation;
				PRODUCT_NAME = "$(TARGET_NAME)";
				SWIFT_VERSION = 5.0;
				TARGETED_DEVICE_FAMILY = "1,2";
			};
			name = Release;
		};
		C60B0D392406F9B700D09E9E /* Debug */ = {
			isa = XCBuildConfiguration;
			buildSettings = {
				ALWAYS_EMBED_SWIFT_STANDARD_LIBRARIES = YES;
				BUNDLE_LOADER = "$(TEST_HOST)";
				CODE_SIGN_STYLE = Automatic;
				INFOPLIST_FILE = MusicByLocationTests/Info.plist;
				IPHONEOS_DEPLOYMENT_TARGET = 13.2;
				LD_RUNPATH_SEARCH_PATHS = (
					"$(inherited)",
					"@executable_path/Frameworks",
					"@loader_path/Frameworks",
				);
				PRODUCT_BUNDLE_IDENTIFIER = com.AryanRast.MusicByLocationTests;
				PRODUCT_NAME = "$(TARGET_NAME)";
				SWIFT_VERSION = 5.0;
				TARGETED_DEVICE_FAMILY = "1,2";
				TEST_HOST = "$(BUILT_PRODUCTS_DIR)/MusicByLocation.app/MusicByLocation";
			};
			name = Debug;
		};
		C60B0D3A2406F9B700D09E9E /* Release */ = {
			isa = XCBuildConfiguration;
			buildSettings = {
				ALWAYS_EMBED_SWIFT_STANDARD_LIBRARIES = YES;
				BUNDLE_LOADER = "$(TEST_HOST)";
				CODE_SIGN_STYLE = Automatic;
				INFOPLIST_FILE = MusicByLocationTests/Info.plist;
				IPHONEOS_DEPLOYMENT_TARGET = 13.2;
				LD_RUNPATH_SEARCH_PATHS = (
					"$(inherited)",
					"@executable_path/Frameworks",
					"@loader_path/Frameworks",
				);
				PRODUCT_BUNDLE_IDENTIFIER = com.AryanRast.MusicByLocationTests;
				PRODUCT_NAME = "$(TARGET_NAME)";
				SWIFT_VERSION = 5.0;
				TARGETED_DEVICE_FAMILY = "1,2";
				TEST_HOST = "$(BUILT_PRODUCTS_DIR)/MusicByLocation.app/MusicByLocation";
			};
			name = Release;
		};
		C60B0D3C2406F9B700D09E9E /* Debug */ = {
			isa = XCBuildConfiguration;
			buildSettings = {
				ALWAYS_EMBED_SWIFT_STANDARD_LIBRARIES = YES;
				CODE_SIGN_STYLE = Automatic;
				INFOPLIST_FILE = MusicByLocationUITests/Info.plist;
				LD_RUNPATH_SEARCH_PATHS = (
					"$(inherited)",
					"@executable_path/Frameworks",
					"@loader_path/Frameworks",
				);
				PRODUCT_BUNDLE_IDENTIFIER = com.AryanRast.MusicByLocationUITests;
				PRODUCT_NAME = "$(TARGET_NAME)";
				SWIFT_VERSION = 5.0;
				TARGETED_DEVICE_FAMILY = "1,2";
				TEST_TARGET_NAME = MusicByLocation;
			};
			name = Debug;
		};
		C60B0D3D2406F9B700D09E9E /* Release */ = {
			isa = XCBuildConfiguration;
			buildSettings = {
				ALWAYS_EMBED_SWIFT_STANDARD_LIBRARIES = YES;
				CODE_SIGN_STYLE = Automatic;
				INFOPLIST_FILE = MusicByLocationUITests/Info.plist;
				LD_RUNPATH_SEARCH_PATHS = (
					"$(inherited)",
					"@executable_path/Frameworks",
					"@loader_path/Frameworks",
				);
				PRODUCT_BUNDLE_IDENTIFIER = com.AryanRast.MusicByLocationUITests;
				PRODUCT_NAME = "$(TARGET_NAME)";
				SWIFT_VERSION = 5.0;
				TARGETED_DEVICE_FAMILY = "1,2";
				TEST_TARGET_NAME = MusicByLocation;
			};
			name = Release;
		};
/* End XCBuildConfiguration section */

/* Begin XCConfigurationList section */
		C60B0D062406F9B600D09E9E /* Build configuration list for PBXProject "MusicByLocation" */ = {
			isa = XCConfigurationList;
			buildConfigurations = (
				C60B0D332406F9B700D09E9E /* Debug */,
				C60B0D342406F9B700D09E9E /* Release */,
			);
			defaultConfigurationIsVisible = 0;
			defaultConfigurationName = Release;
		};
		C60B0D352406F9B700D09E9E /* Build configuration list for PBXNativeTarget "MusicByLocation" */ = {
			isa = XCConfigurationList;
			buildConfigurations = (
				C60B0D362406F9B700D09E9E /* Debug */,
				C60B0D372406F9B700D09E9E /* Release */,
			);
			defaultConfigurationIsVisible = 0;
			defaultConfigurationName = Release;
		};
		C60B0D382406F9B700D09E9E /* Build configuration list for PBXNativeTarget "MusicByLocationTests" */ = {
			isa = XCConfigurationList;
			buildConfigurations = (
				C60B0D392406F9B700D09E9E /* Debug */,
				C60B0D3A2406F9B700D09E9E /* Release */,
			);
			defaultConfigurationIsVisible = 0;
			defaultConfigurationName = Release;
		};
		C60B0D3B2406F9B700D09E9E /* Build configuration list for PBXNativeTarget "MusicByLocationUITests" */ = {
			isa = XCConfigurationList;
			buildConfigurations = (
				C60B0D3C2406F9B700D09E9E /* Debug */,
				C60B0D3D2406F9B700D09E9E /* Release */,
			);
			defaultConfigurationIsVisible = 0;
			defaultConfigurationName = Release;
		};
/* End XCConfigurationList section */
	};
	rootObject = C60B0D032406F9B600D09E9E /* Project object */;
}
